
Microsoft Visual Studio Solution File, Format Version 12.00
# Visual Studio Version 17
VisualStudioVersion = 17.3.32929.385
MinimumVisualStudioVersion = 10.0.40219.1
Project("{FAE04EC0-301F-11D3-BF4B-00C04F79EFBC}") = "ALTENBooking.API", "ALTENBooking.API\ALTENBooking.API.csproj", "{EA1347BB-3A68-431D-9337-67E7309FBAD1}"
EndProject
Project("{FAE04EC0-301F-11D3-BF4B-00C04F79EFBC}") = "ALTENBooking.Application", "ALTENBooking.Application\ALTENBooking.Application.csproj", "{003B3437-F09C-414D-979F-00850A8419D9}"
EndProject
Project("{FAE04EC0-301F-11D3-BF4B-00C04F79EFBC}") = "ALTENBooking.Domain", "ALTENBooking.Domain\ALTENBooking.Domain.csproj", "{62B5B50F-97C2-4B07-9B61-3E90CCF3690D}"
EndProject
Project("{FAE04EC0-301F-11D3-BF4B-00C04F79EFBC}") = "ALTENBooking.Data", "ALTENBooking.Data\ALTENBooking.Data.csproj", "{762590DC-E4EF-437B-BAE5-86BE96A23588}"
EndProject
Project("{FAE04EC0-301F-11D3-BF4B-00C04F79EFBC}") = "ALTENBooking.Test", "ALTENBooking.Test\ALTENBooking.Test.csproj", "{92C186CC-AA51-4D22-9A45-D57B70E3FA12}"
EndProject
Global
	GlobalSection(SolutionConfigurationPlatforms) = preSolution
		Debug|Any CPU = Debug|Any CPU
		Release|Any CPU = Release|Any CPU
	EndGlobalSection
	GlobalSection(ProjectConfigurationPlatforms) = postSolution
		{EA1347BB-3A68-431D-9337-67E7309FBAD1}.Debug|Any CPU.ActiveCfg = Debug|Any CPU
		{EA1347BB-3A68-431D-9337-67E7309FBAD1}.Debug|Any CPU.Build.0 = Debug|Any CPU
		{EA1347BB-3A68-431D-9337-67E7309FBAD1}.Release|Any CPU.ActiveCfg = Release|Any CPU
		{EA1347BB-3A68-431D-9337-67E7309FBAD1}.Release|Any CPU.Build.0 = Release|Any CPU
		{003B3437-F09C-414D-979F-00850A8419D9}.Debug|Any CPU.ActiveCfg = Debug|Any CPU
		{003B3437-F09C-414D-979F-00850A8419D9}.Debug|Any CPU.Build.0 = Debug|Any CPU
		{003B3437-F09C-414D-979F-00850A8419D9}.Release|Any CPU.ActiveCfg = Release|Any CPU
		{003B3437-F09C-414D-979F-00850A8419D9}.Release|Any CPU.Build.0 = Release|Any CPU
		{62B5B50F-97C2-4B07-9B61-3E90CCF3690D}.Debug|Any CPU.ActiveCfg = Debug|Any CPU
		{62B5B50F-97C2-4B07-9B61-3E90CCF3690D}.Debug|Any CPU.Build.0 = Debug|Any CPU
		{62B5B50F-97C2-4B07-9B61-3E90CCF3690D}.Release|Any CPU.ActiveCfg = Release|Any CPU
		{62B5B50F-97C2-4B07-9B61-3E90CCF3690D}.Release|Any CPU.Build.0 = Release|Any CPU
		{762590DC-E4EF-437B-BAE5-86BE96A23588}.Debug|Any CPU.ActiveCfg = Debug|Any CPU
		{762590DC-E4EF-437B-BAE5-86BE96A23588}.Debug|Any CPU.Build.0 = Debug|Any CPU
		{762590DC-E4EF-437B-BAE5-86BE96A23588}.Release|Any CPU.ActiveCfg = Release|Any CPU
		{762590DC-E4EF-437B-BAE5-86BE96A23588}.Release|Any CPU.Build.0 = Release|Any CPU
		{92C186CC-AA51-4D22-9A45-D57B70E3FA12}.Debug|Any CPU.ActiveCfg = Debug|Any CPU
		{92C186CC-AA51-4D22-9A45-D57B70E3FA12}.Debug|Any CPU.Build.0 = Debug|Any CPU
		{92C186CC-AA51-4D22-9A45-D57B70E3FA12}.Release|Any CPU.ActiveCfg = Release|Any CPU
		{92C186CC-AA51-4D22-9A45-D57B70E3FA12}.Release|Any CPU.Build.0 = Release|Any CPU
	EndGlobalSection
	GlobalSection(SolutionProperties) = preSolution
		HideSolutionNode = FALSE
	EndGlobalSection
	GlobalSection(ExtensibilityGlobals) = postSolution
		SolutionGuid = {51FC7FB9-B8B9-4942-8450-B5141E495CE8}
	EndGlobalSection
EndGlobal
