
Microsoft Visual Studio Solution File, Format Version 12.00
# Visual Studio Version 17
VisualStudioVersion = 17.3.32929.385
MinimumVisualStudioVersion = 10.0.40219.1
Project("{9A19103F-16F7-4668-BE54-9A1E7A4F7556}") = "ALTENBooking.API", "ALTENBooking.API\ALTENBooking.API.csproj", "{EA1347BB-3A68-431D-9337-67E7309FBAD1}"
EndProject
Project("{9A19103F-16F7-4668-BE54-9A1E7A4F7556}") = "ALTENBooking.Test", "ALTENBooking.Test\ALTENBooking.Test.csproj", "{92C186CC-AA51-4D22-9A45-D57B70E3FA12}"
EndProject
Project("{9A19103F-16F7-4668-BE54-9A1E7A4F7556}") = "ALTENBooking.Application", "ALTENBooking.Application\ALTENBooking.Application.csproj", "{792A3D24-1452-4537-AB73-55D1A344449D}"
EndProject
Project("{9A19103F-16F7-4668-BE54-9A1E7A4F7556}") = "ALTENBooking.Domain", "ALTENBooking.Domain\ALTENBooking.Domain.csproj", "{0767D3A5-B90E-41C5-8A9D-E5916552DEE3}"
EndProject
Project("{9A19103F-16F7-4668-BE54-9A1E7A4F7556}") = "ALTENBooking.Data", "ALTENBooking.Data\ALTENBooking.Data.csproj", "{2F7E16EF-B5B4-4A96-A8DF-BA39596DB08F}"
EndProject
Project("{FAE04EC0-301F-11D3-BF4B-00C04F79EFBC}") = "ALTENBooking.Utils", "ALTENBooking.Utils\ALTENBooking.Utils.csproj", "{066AAF41-A3EE-46E8-99A6-9353FA76D629}"
EndProject
Global
	GlobalSection(SolutionConfigurationPlatforms) = preSolution
		Debug|Any CPU = Debug|Any CPU
		Release|Any CPU = Release|Any CPU
	EndGlobalSection
	GlobalSection(ProjectConfigurationPlatforms) = postSolution
		{EA1347BB-3A68-431D-9337-67E7309FBAD1}.Debug|Any CPU.ActiveCfg = Debug|Any CPU
		{EA1347BB-3A68-431D-9337-67E7309FBAD1}.Debug|Any CPU.Build.0 = Debug|Any CPU
		{EA1347BB-3A68-431D-9337-67E7309FBAD1}.Release|Any CPU.ActiveCfg = Release|Any CPU
		{EA1347BB-3A68-431D-9337-67E7309FBAD1}.Release|Any CPU.Build.0 = Release|Any CPU
		{92C186CC-AA51-4D22-9A45-D57B70E3FA12}.Debug|Any CPU.ActiveCfg = Debug|Any CPU
		{92C186CC-AA51-4D22-9A45-D57B70E3FA12}.Debug|Any CPU.Build.0 = Debug|Any CPU
		{92C186CC-AA51-4D22-9A45-D57B70E3FA12}.Release|Any CPU.ActiveCfg = Release|Any CPU
		{92C186CC-AA51-4D22-9A45-D57B70E3FA12}.Release|Any CPU.Build.0 = Release|Any CPU
		{792A3D24-1452-4537-AB73-55D1A344449D}.Debug|Any CPU.ActiveCfg = Debug|Any CPU
		{792A3D24-1452-4537-AB73-55D1A344449D}.Debug|Any CPU.Build.0 = Debug|Any CPU
		{792A3D24-1452-4537-AB73-55D1A344449D}.Release|Any CPU.ActiveCfg = Release|Any CPU
		{792A3D24-1452-4537-AB73-55D1A344449D}.Release|Any CPU.Build.0 = Release|Any CPU
		{0767D3A5-B90E-41C5-8A9D-E5916552DEE3}.Debug|Any CPU.ActiveCfg = Debug|Any CPU
		{0767D3A5-B90E-41C5-8A9D-E5916552DEE3}.Debug|Any CPU.Build.0 = Debug|Any CPU
		{0767D3A5-B90E-41C5-8A9D-E5916552DEE3}.Release|Any CPU.ActiveCfg = Release|Any CPU
		{0767D3A5-B90E-41C5-8A9D-E5916552DEE3}.Release|Any CPU.Build.0 = Release|Any CPU
		{2F7E16EF-B5B4-4A96-A8DF-BA39596DB08F}.Debug|Any CPU.ActiveCfg = Debug|Any CPU
		{2F7E16EF-B5B4-4A96-A8DF-BA39596DB08F}.Debug|Any CPU.Build.0 = Debug|Any CPU
		{2F7E16EF-B5B4-4A96-A8DF-BA39596DB08F}.Release|Any CPU.ActiveCfg = Release|Any CPU
		{2F7E16EF-B5B4-4A96-A8DF-BA39596DB08F}.Release|Any CPU.Build.0 = Release|Any CPU
		{066AAF41-A3EE-46E8-99A6-9353FA76D629}.Debug|Any CPU.ActiveCfg = Debug|Any CPU
		{066AAF41-A3EE-46E8-99A6-9353FA76D629}.Debug|Any CPU.Build.0 = Debug|Any CPU
		{066AAF41-A3EE-46E8-99A6-9353FA76D629}.Release|Any CPU.ActiveCfg = Release|Any CPU
		{066AAF41-A3EE-46E8-99A6-9353FA76D629}.Release|Any CPU.Build.0 = Release|Any CPU
	EndGlobalSection
	GlobalSection(SolutionProperties) = preSolution
		HideSolutionNode = FALSE
	EndGlobalSection
	GlobalSection(ExtensibilityGlobals) = postSolution
		SolutionGuid = {51FC7FB9-B8B9-4942-8450-B5141E495CE8}
	EndGlobalSection
EndGlobal
